{
  "name": "client-test",
  "version": "1.0.0",
  "lockfileVersion": 3,
  "requires": true,
  "packages": {
    "": {
      "name": "client-test",
      "version": "1.0.0",
      "license": "ISC",
      "dependencies": {
        "streaming-availability": "^4.0.1"
      },
      "devDependencies": {
        "typescript": "^5.4.5"
      }
    },
    "node_modules/streaming-availability": {
      "version": "4.0.1",
      "resolved": "https://registry.npmjs.org/streaming-availability/-/streaming-availability-4.0.1.tgz",
      "integrity": "sha512-OEHeq5anXEO5kk2k4VOYMZVUt7TfESdgnzzKu0doiSH7o5Wo8BI+uA1Dc/0zESfiNq01kPRQm7JgsbUNCzZbtA==",
      "engines": {
        "node": ">=18.0.0"
      }
    },
    "node_modules/typescript": {
      "version": "5.4.5",
      "resolved": "https://registry.npmjs.org/typescript/-/typescript-5.4.5.tgz",
      "integrity": "sha512-vcI4UpRgg81oIRUFwR0WSIHKt11nJ7SAVlYNIu+QpqeyXP+gpQJy/Z4+F0aGxSE4MqwjyXvW/TzgkLAx2AGHwQ==",
      "dev": true,
      "bin": {
        "tsc": "bin/tsc",
        "tsserver": "bin/tsserver"
      },
      "engines": {
        "node": ">=14.17"
      }
    }
  }
}
